# This file is automatically @generated by Cargo.
# It is not intended for manual editing.
[[package]]
name = "arraydeque"
version = "0.4.5"
source = "registry+https://github.com/rust-lang/crates.io-index"
dependencies = [
 "generic-array 0.12.0 (registry+https://github.com/rust-lang/crates.io-index)",
]

[[package]]
name = "assert_approx_eq"
version = "1.1.0"
source = "registry+https://github.com/rust-lang/crates.io-index"

[[package]]
name = "bare-metal"
version = "0.2.4"
source = "registry+https://github.com/rust-lang/crates.io-index"
dependencies = [
 "rustc_version 0.2.3 (registry+https://github.com/rust-lang/crates.io-index)",
]

[[package]]
name = "bit_field"
version = "0.9.0"
source = "registry+https://github.com/rust-lang/crates.io-index"

[[package]]
name = "bitbang-hal"
version = "0.2.2"
source = "registry+https://github.com/rust-lang/crates.io-index"
dependencies = [
 "embedded-hal 0.2.3 (registry+https://github.com/rust-lang/crates.io-index)",
 "nb 0.1.2 (registry+https://github.com/rust-lang/crates.io-index)",
]

[[package]]
name = "either"
version = "1.5.2"
source = "registry+https://github.com/rust-lang/crates.io-index"

[[package]]
name = "embedded-hal"
version = "0.2.3"
source = "registry+https://github.com/rust-lang/crates.io-index"
dependencies = [
 "nb 0.1.2 (registry+https://github.com/rust-lang/crates.io-index)",
 "void 1.0.2 (registry+https://github.com/rust-lang/crates.io-index)",
]

[[package]]
name = "generic-array"
version = "0.12.0"
source = "registry+https://github.com/rust-lang/crates.io-index"
dependencies = [
 "typenum 1.10.0 (registry+https://github.com/rust-lang/crates.io-index)",
]

[[package]]
name = "itertools"
version = "0.8.0"
source = "registry+https://github.com/rust-lang/crates.io-index"
dependencies = [
 "either 1.5.2 (registry+https://github.com/rust-lang/crates.io-index)",
]

[[package]]
name = "ks-gpsdo"
version = "0.1.0"
dependencies = [
 "arraydeque 0.4.5 (registry+https://github.com/rust-lang/crates.io-index)",
 "assert_approx_eq 1.1.0 (registry+https://github.com/rust-lang/crates.io-index)",
 "bitbang-hal 0.2.2 (registry+https://github.com/rust-lang/crates.io-index)",
 "embedded-hal 0.2.3 (registry+https://github.com/rust-lang/crates.io-index)",
 "generic-array 0.12.0 (registry+https://github.com/rust-lang/crates.io-index)",
 "itertools 0.8.0 (registry+https://github.com/rust-lang/crates.io-index)",
 "lfsr 0.2.0 (registry+https://github.com/rust-lang/crates.io-index)",
 "libm 0.1.4 (registry+https://github.com/rust-lang/crates.io-index)",
 "nb 0.1.2 (registry+https://github.com/rust-lang/crates.io-index)",
 "panic-halt 0.2.0 (registry+https://github.com/rust-lang/crates.io-index)",
 "riscv 0.5.2 (registry+https://github.com/rust-lang/crates.io-index)",
 "riscv-minimal-rt 0.5.0 (registry+https://github.com/rust-lang/crates.io-index)",
 "typenum 1.10.0 (registry+https://github.com/rust-lang/crates.io-index)",
 "ufmt 0.1.0-beta.4 (registry+https://github.com/rust-lang/crates.io-index)",
 "void 1.0.2 (registry+https://github.com/rust-lang/crates.io-index)",
 "volatile-register 0.2.0 (registry+https://github.com/rust-lang/crates.io-index)",
]

[[package]]
name = "lfsr"
version = "0.2.0"
source = "registry+https://github.com/rust-lang/crates.io-index"
dependencies = [
 "lfsr-base 0.2.0 (registry+https://github.com/rust-lang/crates.io-index)",
 "lfsr-instances 0.2.0 (registry+https://github.com/rust-lang/crates.io-index)",
 "lfsr-macro-generate 0.2.0 (registry+https://github.com/rust-lang/crates.io-index)",
 "lfsr-macro-lookup 0.2.0 (registry+https://github.com/rust-lang/crates.io-index)",
]

[[package]]
name = "lfsr-base"
version = "0.2.0"
source = "registry+https://github.com/rust-lang/crates.io-index"

[[package]]
name = "lfsr-instances"
version = "0.2.0"
source = "registry+https://github.com/rust-lang/crates.io-index"
dependencies = [
 "lfsr-base 0.2.0 (registry+https://github.com/rust-lang/crates.io-index)",
 "lfsr-macro-generate 0.2.0 (registry+https://github.com/rust-lang/crates.io-index)",
]

[[package]]
name = "lfsr-macro-generate"
version = "0.2.0"
source = "registry+https://github.com/rust-lang/crates.io-index"
dependencies = [
 "itertools 0.8.0 (registry+https://github.com/rust-lang/crates.io-index)",
 "lfsr-base 0.2.0 (registry+https://github.com/rust-lang/crates.io-index)",
 "proc-macro2 0.4.30 (registry+https://github.com/rust-lang/crates.io-index)",
 "quote 0.6.12 (registry+https://github.com/rust-lang/crates.io-index)",
 "syn 0.15.34 (registry+https://github.com/rust-lang/crates.io-index)",
]

[[package]]
name = "lfsr-macro-lookup"
version = "0.2.0"
source = "registry+https://github.com/rust-lang/crates.io-index"
dependencies = [
 "itertools 0.8.0 (registry+https://github.com/rust-lang/crates.io-index)",
 "lfsr-base 0.2.0 (registry+https://github.com/rust-lang/crates.io-index)",
 "lfsr-instances 0.2.0 (registry+https://github.com/rust-lang/crates.io-index)",
 "proc-macro2 0.4.30 (registry+https://github.com/rust-lang/crates.io-index)",
 "quote 0.6.12 (registry+https://github.com/rust-lang/crates.io-index)",
 "syn 0.15.34 (registry+https://github.com/rust-lang/crates.io-index)",
]

[[package]]
name = "libm"
version = "0.1.4"
source = "registry+https://github.com/rust-lang/crates.io-index"

[[package]]
name = "nb"
version = "0.1.2"
source = "registry+https://github.com/rust-lang/crates.io-index"

[[package]]
name = "panic-halt"
version = "0.2.0"
source = "registry+https://github.com/rust-lang/crates.io-index"

[[package]]
name = "proc-macro2"
version = "0.4.30"
source = "registry+https://github.com/rust-lang/crates.io-index"
dependencies = [
 "unicode-xid 0.1.0 (registry+https://github.com/rust-lang/crates.io-index)",
]

[[package]]
name = "quote"
version = "0.6.12"
source = "registry+https://github.com/rust-lang/crates.io-index"
dependencies = [
 "proc-macro2 0.4.30 (registry+https://github.com/rust-lang/crates.io-index)",
]

[[package]]
name = "r0"
version = "0.2.2"
source = "registry+https://github.com/rust-lang/crates.io-index"

[[package]]
name = "rand"
version = "0.5.6"
source = "registry+https://github.com/rust-lang/crates.io-index"
dependencies = [
 "rand_core 0.3.1 (registry+https://github.com/rust-lang/crates.io-index)",
]

[[package]]
name = "rand_core"
version = "0.3.1"
source = "registry+https://github.com/rust-lang/crates.io-index"
dependencies = [
 "rand_core 0.4.0 (registry+https://github.com/rust-lang/crates.io-index)",
]

[[package]]
name = "rand_core"
version = "0.4.0"
source = "registry+https://github.com/rust-lang/crates.io-index"

[[package]]
name = "riscv"
version = "0.5.2"
source = "registry+https://github.com/rust-lang/crates.io-index"
dependencies = [
 "bare-metal 0.2.4 (registry+https://github.com/rust-lang/crates.io-index)",
 "bit_field 0.9.0 (registry+https://github.com/rust-lang/crates.io-index)",
]

[[package]]
name = "riscv-minimal-rt"
version = "0.5.0"
source = "registry+https://github.com/rust-lang/crates.io-index"
dependencies = [
 "r0 0.2.2 (registry+https://github.com/rust-lang/crates.io-index)",
 "riscv 0.5.2 (registry+https://github.com/rust-lang/crates.io-index)",
 "riscv-minimal-rt-macros 0.1.5 (registry+https://github.com/rust-lang/crates.io-index)",
]

[[package]]
name = "riscv-minimal-rt-macros"
version = "0.1.5"
source = "registry+https://github.com/rust-lang/crates.io-index"
dependencies = [
 "proc-macro2 0.4.30 (registry+https://github.com/rust-lang/crates.io-index)",
 "quote 0.6.12 (registry+https://github.com/rust-lang/crates.io-index)",
 "rand 0.5.6 (registry+https://github.com/rust-lang/crates.io-index)",
 "syn 0.15.34 (registry+https://github.com/rust-lang/crates.io-index)",
]

[[package]]
name = "rustc_version"
version = "0.2.3"
source = "registry+https://github.com/rust-lang/crates.io-index"
dependencies = [
 "semver 0.9.0 (registry+https://github.com/rust-lang/crates.io-index)",
]

[[package]]
name = "semver"
version = "0.9.0"
source = "registry+https://github.com/rust-lang/crates.io-index"
dependencies = [
 "semver-parser 0.7.0 (registry+https://github.com/rust-lang/crates.io-index)",
]

[[package]]
name = "semver-parser"
version = "0.7.0"
source = "registry+https://github.com/rust-lang/crates.io-index"

[[package]]
name = "syn"
version = "0.15.34"
source = "registry+https://github.com/rust-lang/crates.io-index"
dependencies = [
 "proc-macro2 0.4.30 (registry+https://github.com/rust-lang/crates.io-index)",
 "quote 0.6.12 (registry+https://github.com/rust-lang/crates.io-index)",
 "unicode-xid 0.1.0 (registry+https://github.com/rust-lang/crates.io-index)",
]

[[package]]
name = "typenum"
version = "1.10.0"
source = "registry+https://github.com/rust-lang/crates.io-index"

[[package]]
name = "ufmt"
version = "0.1.0-beta.4"
source = "registry+https://github.com/rust-lang/crates.io-index"
dependencies = [
 "ufmt-macros 0.1.0-beta.3 (registry+https://github.com/rust-lang/crates.io-index)",
 "ufmt-write 0.1.0-beta.1 (registry+https://github.com/rust-lang/crates.io-index)",
]

[[package]]
name = "ufmt-macros"
version = "0.1.0-beta.3"
source = "registry+https://github.com/rust-lang/crates.io-index"
dependencies = [
 "proc-macro2 0.4.30 (registry+https://github.com/rust-lang/crates.io-index)",
 "quote 0.6.12 (registry+https://github.com/rust-lang/crates.io-index)",
 "syn 0.15.34 (registry+https://github.com/rust-lang/crates.io-index)",
]

[[package]]
name = "ufmt-write"
version = "0.1.0-beta.1"
source = "registry+https://github.com/rust-lang/crates.io-index"

[[package]]
name = "unicode-xid"
version = "0.1.0"
source = "registry+https://github.com/rust-lang/crates.io-index"

[[package]]
name = "vcell"
version = "0.1.0"
source = "registry+https://github.com/rust-lang/crates.io-index"

[[package]]
name = "void"
version = "1.0.2"
source = "registry+https://github.com/rust-lang/crates.io-index"

[[package]]
name = "volatile-register"
version = "0.2.0"
source = "registry+https://github.com/rust-lang/crates.io-index"
dependencies = [
 "vcell 0.1.0 (registry+https://github.com/rust-lang/crates.io-index)",
]

[metadata]
"checksum arraydeque 0.4.5 (registry+https://github.com/rust-lang/crates.io-index)" = "f0ffd3d69bd89910509a5d31d1f1353f38ccffdd116dd0099bbd6627f7bd8ad8"
"checksum assert_approx_eq 1.1.0 (registry+https://github.com/rust-lang/crates.io-index)" = "3c07dab4369547dbe5114677b33fbbf724971019f3818172d59a97a61c774ffd"
"checksum bare-metal 0.2.4 (registry+https://github.com/rust-lang/crates.io-index)" = "a3caf393d93b2d453e80638d0674597020cef3382ada454faacd43d1a55a735a"
"checksum bit_field 0.9.0 (registry+https://github.com/rust-lang/crates.io-index)" = "ed8765909f9009617974ab6b7d332625b320b33c326b1e9321382ef1999b5d56"
"checksum bitbang-hal 0.2.2 (registry+https://github.com/rust-lang/crates.io-index)" = "69f794f6ae63869ac683076c8636854d69b856a0d6202cdd51e6018a8a785116"
"checksum either 1.5.2 (registry+https://github.com/rust-lang/crates.io-index)" = "5527cfe0d098f36e3f8839852688e63c8fff1c90b2b405aef730615f9a7bcf7b"
"checksum embedded-hal 0.2.3 (registry+https://github.com/rust-lang/crates.io-index)" = "ee4908a155094da7723c2d60d617b820061e3b4efcc3d9e293d206a5a76c170b"
"checksum generic-array 0.12.0 (registry+https://github.com/rust-lang/crates.io-index)" = "3c0f28c2f5bfb5960175af447a2da7c18900693738343dc896ffbcabd9839592"
"checksum itertools 0.8.0 (registry+https://github.com/rust-lang/crates.io-index)" = "5b8467d9c1cebe26feb08c640139247fac215782d35371ade9a2136ed6085358"
"checksum lfsr 0.2.0 (registry+https://github.com/rust-lang/crates.io-index)" = "7b942e5a81d2d983e935eb1af9e7d0a5c7f34b82f16cd7989e48140dd799bbd0"
"checksum lfsr-base 0.2.0 (registry+https://github.com/rust-lang/crates.io-index)" = "f68e8a3acf51d55c87bec8e307379ce662ca535df0ecc6deea1e484d746e16ad"
"checksum lfsr-instances 0.2.0 (registry+https://github.com/rust-lang/crates.io-index)" = "f2b580f0bcf560988e281cf412bc4aa04da109886fedaf2d821cb6792e265f76"
"checksum lfsr-macro-generate 0.2.0 (registry+https://github.com/rust-lang/crates.io-index)" = "7d1512baeb8da4f04bdd2e8de8086de799f4a6de7bb825653a76cbae0ad26bf4"
"checksum lfsr-macro-lookup 0.2.0 (registry+https://github.com/rust-lang/crates.io-index)" = "afe763de684e1800a82373217fe406615cf045512351ba5e0820dd4114ef4d81"
"checksum libm 0.1.4 (registry+https://github.com/rust-lang/crates.io-index)" = "7fc7aa29613bd6a620df431842069224d8bc9011086b1db4c0e0cd47fa03ec9a"
"checksum nb 0.1.2 (registry+https://github.com/rust-lang/crates.io-index)" = "b1411551beb3c11dedfb0a90a0fa256b47d28b9ec2cdff34c25a2fa59e45dbdc"
"checksum panic-halt 0.2.0 (registry+https://github.com/rust-lang/crates.io-index)" = "de96540e0ebde571dc55c73d60ef407c653844e6f9a1e2fdbd40c07b9252d812"
"checksum proc-macro2 0.4.30 (registry+https://github.com/rust-lang/crates.io-index)" = "cf3d2011ab5c909338f7887f4fc896d35932e29146c12c8d01da6b22a80ba759"
"checksum quote 0.6.12 (registry+https://github.com/rust-lang/crates.io-index)" = "faf4799c5d274f3868a4aae320a0a182cbd2baee377b378f080e16a23e9d80db"
"checksum r0 0.2.2 (registry+https://github.com/rust-lang/crates.io-index)" = "e2a38df5b15c8d5c7e8654189744d8e396bddc18ad48041a500ce52d6948941f"
"checksum rand 0.5.6 (registry+https://github.com/rust-lang/crates.io-index)" = "c618c47cd3ebd209790115ab837de41425723956ad3ce2e6a7f09890947cacb9"
"checksum rand_core 0.3.1 (registry+https://github.com/rust-lang/crates.io-index)" = "7a6fdeb83b075e8266dcc8762c22776f6877a63111121f5f8c7411e5be7eed4b"
"checksum rand_core 0.4.0 (registry+https://github.com/rust-lang/crates.io-index)" = "d0e7a549d590831370895ab7ba4ea0c1b6b011d106b5ff2da6eee112615e6dc0"
"checksum riscv 0.5.2 (registry+https://github.com/rust-lang/crates.io-index)" = "00f3ec73803f144a6474819070dfcf0b0d1662e1bd8845956850ee8f8cfbc69b"
"checksum riscv-minimal-rt 0.5.0 (registry+https://github.com/rust-lang/crates.io-index)" = "b7c83f84f164e9b06285d6b3cd991bf2bfc48e2cb8ff25b091a9d1063e7a19d1"
"checksum riscv-minimal-rt-macros 0.1.5 (registry+https://github.com/rust-lang/crates.io-index)" = "9f02234b9ba254116b1491a6667a9628ab78a3f6ecec674bb57f5b1eebe52ae2"
"checksum rustc_version 0.2.3 (registry+https://github.com/rust-lang/crates.io-index)" = "138e3e0acb6c9fb258b19b67cb8abd63c00679d2851805ea151465464fe9030a"
"checksum semver 0.9.0 (registry+https://github.com/rust-lang/crates.io-index)" = "1d7eb9ef2c18661902cc47e535f9bc51b78acd254da71d375c2f6720d9a40403"
"checksum semver-parser 0.7.0 (registry+https://github.com/rust-lang/crates.io-index)" = "388a1df253eca08550bef6c72392cfe7c30914bf41df5269b68cbd6ff8f570a3"
"checksum syn 0.15.34 (registry+https://github.com/rust-lang/crates.io-index)" = "a1393e4a97a19c01e900df2aec855a29f71cf02c402e2f443b8d2747c25c5dbe"
"checksum typenum 1.10.0 (registry+https://github.com/rust-lang/crates.io-index)" = "612d636f949607bdf9b123b4a6f6d966dedf3ff669f7f045890d3a4a73948169"
"checksum ufmt 0.1.0-beta.4 (registry+https://github.com/rust-lang/crates.io-index)" = "49fd6f3f81f6f94857d0badb5fddefba00ce7b696da2c87cd767e43e294846d9"
"checksum ufmt-macros 0.1.0-beta.3 (registry+https://github.com/rust-lang/crates.io-index)" = "7441cdc490c2b8f8c434cf4c4a2c73638d8aa95d11c48bde24b3c579274cddbc"
"checksum ufmt-write 0.1.0-beta.1 (registry+https://github.com/rust-lang/crates.io-index)" = "c04b56f7146b6c9f21084a1a66859ef0dc4463de00f5f727fa01f0cd95a3f676"
"checksum unicode-xid 0.1.0 (registry+https://github.com/rust-lang/crates.io-index)" = "fc72304796d0818e357ead4e000d19c9c174ab23dc11093ac919054d20a6a7fc"
"checksum vcell 0.1.0 (registry+https://github.com/rust-lang/crates.io-index)" = "45c297f0afb6928cd08ab1ff9d95e99392595ea25ae1b5ecf822ff8764e57a0d"
"checksum void 1.0.2 (registry+https://github.com/rust-lang/crates.io-index)" = "6a02e4885ed3bc0f2de90ea6dd45ebcbb66dacffe03547fadbb0eeae2770887d"
"checksum volatile-register 0.2.0 (registry+https://github.com/rust-lang/crates.io-index)" = "0d67cb4616d99b940db1d6bd28844ff97108b498a6ca850e5b6191a532063286"
